
Microsoft Visual Studio Solution File, Format Version 12.00
# Visual Studio Version 17
VisualStudioVersion = 17.5.33502.453
MinimumVisualStudioVersion = 10.0.40219.1
Project("{9A19103F-16F7-4668-BE54-9A1E7A4F7556}") = "Dev.Identity.AzureTable", "Identity.AzureTable\Dev.Identity.AzureTable.csproj", "{9E7A9CC8-3EB6-4123-BDB9-C6B380596F95}"
EndProject
Project("{9A19103F-16F7-4668-BE54-9A1E7A4F7556}") = "Dev.Data.Tables", "Data.Tables\Dev.Data.Tables.csproj", "{97A283BC-ADF9-4BEB-9301-50EFC75A2732}"
EndProject
Global
	GlobalSection(SolutionConfigurationPlatforms) = preSolution
		Debug|Any CPU = Debug|Any CPU
		Release|Any CPU = Release|Any CPU
	EndGlobalSection
	GlobalSection(ProjectConfigurationPlatforms) = postSolution
		{9E7A9CC8-3EB6-4123-BDB9-C6B380596F95}.Debug|Any CPU.ActiveCfg = Debug|Any CPU
		{9E7A9CC8-3EB6-4123-BDB9-C6B380596F95}.Debug|Any CPU.Build.0 = Debug|Any CPU
		{9E7A9CC8-3EB6-4123-BDB9-C6B380596F95}.Release|Any CPU.ActiveCfg = Release|Any CPU
		{9E7A9CC8-3EB6-4123-BDB9-C6B380596F95}.Release|Any CPU.Build.0 = Release|Any CPU
		{97A283BC-ADF9-4BEB-9301-50EFC75A2732}.Debug|Any CPU.ActiveCfg = Debug|Any CPU
		{97A283BC-ADF9-4BEB-9301-50EFC75A2732}.Debug|Any CPU.Build.0 = Debug|Any CPU
		{97A283BC-ADF9-4BEB-9301-50EFC75A2732}.Release|Any CPU.ActiveCfg = Release|Any CPU
		{97A283BC-ADF9-4BEB-9301-50EFC75A2732}.Release|Any CPU.Build.0 = Release|Any CPU
	EndGlobalSection
	GlobalSection(SolutionProperties) = preSolution
		HideSolutionNode = FALSE
	EndGlobalSection
	GlobalSection(ExtensibilityGlobals) = postSolution
		SolutionGuid = {4DC3800E-FD67-4DA2-81E5-9519BDE157FD}
	EndGlobalSection
EndGlobal
